
Microsoft Visual Studio Solution File, Format Version 12.00
# Visual Studio Version 17
VisualStudioVersion = 17.11.35327.3
MinimumVisualStudioVersion = 10.0.40219.1
Project("{9A19103F-16F7-4668-BE54-9A1E7A4F7556}") = "MoneyTransferOnAWS", "ServerlessMoneyTransfer\MoneyTransferOnAWS.csproj", "{070DFA67-A730-45A9-98F9-E6A418B67DC0}"
EndProject
Project("{9A19103F-16F7-4668-BE54-9A1E7A4F7556}") = "Services", "Services\Services.csproj", "{D2EA9C94-653A-4EE7-A826-0528DF9CA0DF}"
EndProject
Project("{9A19103F-16F7-4668-BE54-9A1E7A4F7556}") = "Core", "Core\Core.csproj", "{4FFE1215-DF0C-439D-8843-67DDD64ED020}"
EndProject
Project("{9A19103F-16F7-4668-BE54-9A1E7A4F7556}") = "Infra", "Infra\src\Infra\Infra.csproj", "{C214DE95-CEAF-4857-A185-9C1EC25F867D}"
EndProject
Global
	GlobalSection(SolutionConfigurationPlatforms) = preSolution
		Debug|Any CPU = Debug|Any CPU
		Release|Any CPU = Release|Any CPU
	EndGlobalSection
	GlobalSection(ProjectConfigurationPlatforms) = postSolution
		{070DFA67-A730-45A9-98F9-E6A418B67DC0}.Debug|Any CPU.ActiveCfg = Debug|Any CPU
		{070DFA67-A730-45A9-98F9-E6A418B67DC0}.Debug|Any CPU.Build.0 = Debug|Any CPU
		{070DFA67-A730-45A9-98F9-E6A418B67DC0}.Release|Any CPU.ActiveCfg = Release|Any CPU
		{070DFA67-A730-45A9-98F9-E6A418B67DC0}.Release|Any CPU.Build.0 = Release|Any CPU
		{D2EA9C94-653A-4EE7-A826-0528DF9CA0DF}.Debug|Any CPU.ActiveCfg = Debug|Any CPU
		{D2EA9C94-653A-4EE7-A826-0528DF9CA0DF}.Debug|Any CPU.Build.0 = Debug|Any CPU
		{D2EA9C94-653A-4EE7-A826-0528DF9CA0DF}.Release|Any CPU.ActiveCfg = Release|Any CPU
		{D2EA9C94-653A-4EE7-A826-0528DF9CA0DF}.Release|Any CPU.Build.0 = Release|Any CPU
		{4FFE1215-DF0C-439D-8843-67DDD64ED020}.Debug|Any CPU.ActiveCfg = Debug|Any CPU
		{4FFE1215-DF0C-439D-8843-67DDD64ED020}.Debug|Any CPU.Build.0 = Debug|Any CPU
		{4FFE1215-DF0C-439D-8843-67DDD64ED020}.Release|Any CPU.ActiveCfg = Release|Any CPU
		{4FFE1215-DF0C-439D-8843-67DDD64ED020}.Release|Any CPU.Build.0 = Release|Any CPU
		{C214DE95-CEAF-4857-A185-9C1EC25F867D}.Debug|Any CPU.ActiveCfg = Debug|Any CPU
		{C214DE95-CEAF-4857-A185-9C1EC25F867D}.Debug|Any CPU.Build.0 = Debug|Any CPU
		{C214DE95-CEAF-4857-A185-9C1EC25F867D}.Release|Any CPU.ActiveCfg = Release|Any CPU
		{C214DE95-CEAF-4857-A185-9C1EC25F867D}.Release|Any CPU.Build.0 = Release|Any CPU
	EndGlobalSection
	GlobalSection(SolutionProperties) = preSolution
		HideSolutionNode = FALSE
	EndGlobalSection
	GlobalSection(ExtensibilityGlobals) = postSolution
		SolutionGuid = {E8113EA1-F137-455B-B0FB-419D8E9AEA87}
	EndGlobalSection
EndGlobal
